
Microsoft Visual Studio Solution File, Format Version 12.00
# Visual Studio Version 16
VisualStudioVersion = 16.0.30523.141
MinimumVisualStudioVersion = 10.0.40219.1
Project("{9A19103F-16F7-4668-BE54-9A1E7A4F7556}") = "ScienceRecruiterApp", "ScienceRecruiterApp\ScienceRecruiterApp\ScienceRecruiterApp.csproj", "{BDC9C099-5463-4851-89B5-9581A6484167}"
EndProject
Project("{FAE04EC0-301F-11D3-BF4B-00C04F79EFBC}") = "ScienceRecruiterApp.Android", "ScienceRecruiterApp\ScienceRecruiterApp.Android\ScienceRecruiterApp.Android.csproj", "{501EF9AF-E7E2-4E3A-838B-E0407E092561}"
EndProject
Project("{FAE04EC0-301F-11D3-BF4B-00C04F79EFBC}") = "ScienceRecruiterApp.iOS", "ScienceRecruiterApp\ScienceRecruiterApp.iOS\ScienceRecruiterApp.iOS.csproj", "{5240D954-7FD6-405E-8E72-777E9C398DEB}"
EndProject
Project("{FAE04EC0-301F-11D3-BF4B-00C04F79EFBC}") = "ScienceRecruiterApp.UWP", "ScienceRecruiterApp\ScienceRecruiterApp.UWP\ScienceRecruiterApp.UWP.csproj", "{A2B42AC5-8B68-45C8-990B-43B992C7D2A3}"
EndProject
Project("{2150E333-8FDC-42A3-9474-1A3956D46DE8}") = "Solution Items", "Solution Items", "{5058C0C6-AE96-44D6-AB94-C89C295F29E9}"
	ProjectSection(SolutionItems) = preProject
		ScienceRecruiterApp.sln = ScienceRecruiterApp.sln
	EndProjectSection
EndProject
Global
	GlobalSection(SolutionConfigurationPlatforms) = preSolution
		Debug|Any CPU = Debug|Any CPU
		Debug|ARM = Debug|ARM
		Debug|iPhone = Debug|iPhone
		Debug|iPhoneSimulator = Debug|iPhoneSimulator
		Debug|x64 = Debug|x64
		Debug|x86 = Debug|x86
		Release|Any CPU = Release|Any CPU
		Release|ARM = Release|ARM
		Release|iPhone = Release|iPhone
		Release|iPhoneSimulator = Release|iPhoneSimulator
		Release|x64 = Release|x64
		Release|x86 = Release|x86
	EndGlobalSection
	GlobalSection(ProjectConfigurationPlatforms) = postSolution
		{BDC9C099-5463-4851-89B5-9581A6484167}.Debug|Any CPU.ActiveCfg = Debug|Any CPU
		{BDC9C099-5463-4851-89B5-9581A6484167}.Debug|Any CPU.Build.0 = Debug|Any CPU
		{BDC9C099-5463-4851-89B5-9581A6484167}.Debug|ARM.ActiveCfg = Debug|Any CPU
		{BDC9C099-5463-4851-89B5-9581A6484167}.Debug|ARM.Build.0 = Debug|Any CPU
		{BDC9C099-5463-4851-89B5-9581A6484167}.Debug|iPhone.ActiveCfg = Debug|Any CPU
		{BDC9C099-5463-4851-89B5-9581A6484167}.Debug|iPhone.Build.0 = Debug|Any CPU
		{BDC9C099-5463-4851-89B5-9581A6484167}.Debug|iPhoneSimulator.ActiveCfg = Debug|Any CPU
		{BDC9C099-5463-4851-89B5-9581A6484167}.Debug|iPhoneSimulator.Build.0 = Debug|Any CPU
		{BDC9C099-5463-4851-89B5-9581A6484167}.Debug|x64.ActiveCfg = Debug|Any CPU
		{BDC9C099-5463-4851-89B5-9581A6484167}.Debug|x64.Build.0 = Debug|Any CPU
		{BDC9C099-5463-4851-89B5-9581A6484167}.Debug|x86.ActiveCfg = Debug|Any CPU
		{BDC9C099-5463-4851-89B5-9581A6484167}.Debug|x86.Build.0 = Debug|Any CPU
		{BDC9C099-5463-4851-89B5-9581A6484167}.Release|Any CPU.ActiveCfg = Release|Any CPU
		{BDC9C099-5463-4851-89B5-9581A6484167}.Release|Any CPU.Build.0 = Release|Any CPU
		{BDC9C099-5463-4851-89B5-9581A6484167}.Release|ARM.ActiveCfg = Release|Any CPU
		{BDC9C099-5463-4851-89B5-9581A6484167}.Release|ARM.Build.0 = Release|Any CPU
		{BDC9C099-5463-4851-89B5-9581A6484167}.Release|iPhone.ActiveCfg = Release|Any CPU
		{BDC9C099-5463-4851-89B5-9581A6484167}.Release|iPhone.Build.0 = Release|Any CPU
		{BDC9C099-5463-4851-89B5-9581A6484167}.Release|iPhoneSimulator.ActiveCfg = Release|Any CPU
		{BDC9C099-5463-4851-89B5-9581A6484167}.Release|iPhoneSimulator.Build.0 = Release|Any CPU
		{BDC9C099-5463-4851-89B5-9581A6484167}.Release|x64.ActiveCfg = Release|Any CPU
		{BDC9C099-5463-4851-89B5-9581A6484167}.Release|x64.Build.0 = Release|Any CPU
		{BDC9C099-5463-4851-89B5-9581A6484167}.Release|x86.ActiveCfg = Release|Any CPU
		{BDC9C099-5463-4851-89B5-9581A6484167}.Release|x86.Build.0 = Release|Any CPU
		{501EF9AF-E7E2-4E3A-838B-E0407E092561}.Debug|Any CPU.ActiveCfg = Debug|Any CPU
		{501EF9AF-E7E2-4E3A-838B-E0407E092561}.Debug|Any CPU.Build.0 = Debug|Any CPU
		{501EF9AF-E7E2-4E3A-838B-E0407E092561}.Debug|Any CPU.Deploy.0 = Debug|Any CPU
		{501EF9AF-E7E2-4E3A-838B-E0407E092561}.Debug|ARM.ActiveCfg = Debug|Any CPU
		{501EF9AF-E7E2-4E3A-838B-E0407E092561}.Debug|ARM.Build.0 = Debug|Any CPU
		{501EF9AF-E7E2-4E3A-838B-E0407E092561}.Debug|ARM.Deploy.0 = Debug|Any CPU
		{501EF9AF-E7E2-4E3A-838B-E0407E092561}.Debug|iPhone.ActiveCfg = Debug|Any CPU
		{501EF9AF-E7E2-4E3A-838B-E0407E092561}.Debug|iPhone.Build.0 = Debug|Any CPU
		{501EF9AF-E7E2-4E3A-838B-E0407E092561}.Debug|iPhone.Deploy.0 = Debug|Any CPU
		{501EF9AF-E7E2-4E3A-838B-E0407E092561}.Debug|iPhoneSimulator.ActiveCfg = Debug|Any CPU
		{501EF9AF-E7E2-4E3A-838B-E0407E092561}.Debug|iPhoneSimulator.Build.0 = Debug|Any CPU
		{501EF9AF-E7E2-4E3A-838B-E0407E092561}.Debug|iPhoneSimulator.Deploy.0 = Debug|Any CPU
		{501EF9AF-E7E2-4E3A-838B-E0407E092561}.Debug|x64.ActiveCfg = Debug|Any CPU
		{501EF9AF-E7E2-4E3A-838B-E0407E092561}.Debug|x64.Build.0 = Debug|Any CPU
		{501EF9AF-E7E2-4E3A-838B-E0407E092561}.Debug|x64.Deploy.0 = Debug|Any CPU
		{501EF9AF-E7E2-4E3A-838B-E0407E092561}.Debug|x86.ActiveCfg = Debug|Any CPU
		{501EF9AF-E7E2-4E3A-838B-E0407E092561}.Debug|x86.Build.0 = Debug|Any CPU
		{501EF9AF-E7E2-4E3A-838B-E0407E092561}.Debug|x86.Deploy.0 = Debug|Any CPU
		{501EF9AF-E7E2-4E3A-838B-E0407E092561}.Release|Any CPU.ActiveCfg = Release|Any CPU
		{501EF9AF-E7E2-4E3A-838B-E0407E092561}.Release|Any CPU.Build.0 = Release|Any CPU
		{501EF9AF-E7E2-4E3A-838B-E0407E092561}.Release|Any CPU.Deploy.0 = Release|Any CPU
		{501EF9AF-E7E2-4E3A-838B-E0407E092561}.Release|ARM.ActiveCfg = Release|Any CPU
		{501EF9AF-E7E2-4E3A-838B-E0407E092561}.Release|ARM.Build.0 = Release|Any CPU
		{501EF9AF-E7E2-4E3A-838B-E0407E092561}.Release|ARM.Deploy.0 = Release|Any CPU
		{501EF9AF-E7E2-4E3A-838B-E0407E092561}.Release|iPhone.ActiveCfg = Release|Any CPU
		{501EF9AF-E7E2-4E3A-838B-E0407E092561}.Release|iPhone.Build.0 = Release|Any CPU
		{501EF9AF-E7E2-4E3A-838B-E0407E092561}.Release|iPhone.Deploy.0 = Release|Any CPU
		{501EF9AF-E7E2-4E3A-838B-E0407E092561}.Release|iPhoneSimulator.ActiveCfg = Release|Any CPU
		{501EF9AF-E7E2-4E3A-838B-E0407E092561}.Release|iPhoneSimulator.Build.0 = Release|Any CPU
		{501EF9AF-E7E2-4E3A-838B-E0407E092561}.Release|iPhoneSimulator.Deploy.0 = Release|Any CPU
		{501EF9AF-E7E2-4E3A-838B-E0407E092561}.Release|x64.ActiveCfg = Release|Any CPU
		{501EF9AF-E7E2-4E3A-838B-E0407E092561}.Release|x64.Build.0 = Release|Any CPU
		{501EF9AF-E7E2-4E3A-838B-E0407E092561}.Release|x64.Deploy.0 = Release|Any CPU
		{501EF9AF-E7E2-4E3A-838B-E0407E092561}.Release|x86.ActiveCfg = Release|Any CPU
		{501EF9AF-E7E2-4E3A-838B-E0407E092561}.Release|x86.Build.0 = Release|Any CPU
		{501EF9AF-E7E2-4E3A-838B-E0407E092561}.Release|x86.Deploy.0 = Release|Any CPU
		{5240D954-7FD6-405E-8E72-777E9C398DEB}.Debug|Any CPU.ActiveCfg = Debug|iPhoneSimulator
		{5240D954-7FD6-405E-8E72-777E9C398DEB}.Debug|ARM.ActiveCfg = Debug|iPhoneSimulator
		{5240D954-7FD6-405E-8E72-777E9C398DEB}.Debug|iPhone.ActiveCfg = Debug|iPhone
		{5240D954-7FD6-405E-8E72-777E9C398DEB}.Debug|iPhone.Build.0 = Debug|iPhone
		{5240D954-7FD6-405E-8E72-777E9C398DEB}.Debug|iPhoneSimulator.ActiveCfg = Debug|iPhoneSimulator
		{5240D954-7FD6-405E-8E72-777E9C398DEB}.Debug|iPhoneSimulator.Build.0 = Debug|iPhoneSimulator
		{5240D954-7FD6-405E-8E72-777E9C398DEB}.Debug|x64.ActiveCfg = Debug|iPhoneSimulator
		{5240D954-7FD6-405E-8E72-777E9C398DEB}.Debug|x86.ActiveCfg = Debug|iPhoneSimulator
		{5240D954-7FD6-405E-8E72-777E9C398DEB}.Release|Any CPU.ActiveCfg = Release|iPhone
		{5240D954-7FD6-405E-8E72-777E9C398DEB}.Release|ARM.ActiveCfg = Release|iPhoneSimulator
		{5240D954-7FD6-405E-8E72-777E9C398DEB}.Release|iPhone.ActiveCfg = Release|iPhone
		{5240D954-7FD6-405E-8E72-777E9C398DEB}.Release|iPhone.Build.0 = Release|iPhone
		{5240D954-7FD6-405E-8E72-777E9C398DEB}.Release|iPhoneSimulator.ActiveCfg = Release|iPhoneSimulator
		{5240D954-7FD6-405E-8E72-777E9C398DEB}.Release|iPhoneSimulator.Build.0 = Release|iPhoneSimulator
		{5240D954-7FD6-405E-8E72-777E9C398DEB}.Release|x64.ActiveCfg = Release|iPhoneSimulator
		{5240D954-7FD6-405E-8E72-777E9C398DEB}.Release|x86.ActiveCfg = Release|iPhoneSimulator
		{5240D954-7FD6-405E-8E72-777E9C398DEB}.Debug|Any CPU.Build.0 = Debug|iPhoneSimulator
		{5240D954-7FD6-405E-8E72-777E9C398DEB}.Release|Any CPU.Build.0 = Release|iPhone
		{A2B42AC5-8B68-45C8-990B-43B992C7D2A3}.Debug|Any CPU.ActiveCfg = Debug|x86
		{A2B42AC5-8B68-45C8-990B-43B992C7D2A3}.Debug|ARM.ActiveCfg = Debug|ARM
		{A2B42AC5-8B68-45C8-990B-43B992C7D2A3}.Debug|ARM.Build.0 = Debug|ARM
		{A2B42AC5-8B68-45C8-990B-43B992C7D2A3}.Debug|ARM.Deploy.0 = Debug|ARM
		{A2B42AC5-8B68-45C8-990B-43B992C7D2A3}.Debug|iPhone.ActiveCfg = Debug|x86
		{A2B42AC5-8B68-45C8-990B-43B992C7D2A3}.Debug|iPhoneSimulator.ActiveCfg = Debug|x86
		{A2B42AC5-8B68-45C8-990B-43B992C7D2A3}.Debug|x64.ActiveCfg = Debug|x64
		{A2B42AC5-8B68-45C8-990B-43B992C7D2A3}.Debug|x64.Build.0 = Debug|x64
		{A2B42AC5-8B68-45C8-990B-43B992C7D2A3}.Debug|x64.Deploy.0 = Debug|x64
		{A2B42AC5-8B68-45C8-990B-43B992C7D2A3}.Debug|x86.ActiveCfg = Debug|x86
		{A2B42AC5-8B68-45C8-990B-43B992C7D2A3}.Debug|x86.Build.0 = Debug|x86
		{A2B42AC5-8B68-45C8-990B-43B992C7D2A3}.Debug|x86.Deploy.0 = Debug|x86
		{A2B42AC5-8B68-45C8-990B-43B992C7D2A3}.Release|Any CPU.ActiveCfg = Release|x86
		{A2B42AC5-8B68-45C8-990B-43B992C7D2A3}.Release|ARM.ActiveCfg = Release|ARM
		{A2B42AC5-8B68-45C8-990B-43B992C7D2A3}.Release|ARM.Build.0 = Release|ARM
		{A2B42AC5-8B68-45C8-990B-43B992C7D2A3}.Release|ARM.Deploy.0 = Release|ARM
		{A2B42AC5-8B68-45C8-990B-43B992C7D2A3}.Release|iPhone.ActiveCfg = Release|x86
		{A2B42AC5-8B68-45C8-990B-43B992C7D2A3}.Release|iPhoneSimulator.ActiveCfg = Release|x86
		{A2B42AC5-8B68-45C8-990B-43B992C7D2A3}.Release|x64.ActiveCfg = Release|x64
		{A2B42AC5-8B68-45C8-990B-43B992C7D2A3}.Release|x64.Build.0 = Release|x64
		{A2B42AC5-8B68-45C8-990B-43B992C7D2A3}.Release|x64.Deploy.0 = Release|x64
		{A2B42AC5-8B68-45C8-990B-43B992C7D2A3}.Release|x86.ActiveCfg = Release|x86
		{A2B42AC5-8B68-45C8-990B-43B992C7D2A3}.Release|x86.Build.0 = Release|x86
		{A2B42AC5-8B68-45C8-990B-43B992C7D2A3}.Release|x86.Deploy.0 = Release|x86
	EndGlobalSection
	GlobalSection(SolutionProperties) = preSolution
		HideSolutionNode = FALSE
	EndGlobalSection
	GlobalSection(ExtensibilityGlobals) = postSolution
		SolutionGuid = {F90E2D5F-A2F4-4663-B60A-07D48343D526}
	EndGlobalSection
	GlobalSection(MonoDevelopProperties) = preSolution
		version = 1.4
		Policies = $0
		$0.DotNetNamingPolicy = $1
		$1.DirectoryNamespaceAssociation = PrefixedHierarchical
		$0.StandardHeader = $2
		$0.TextStylePolicy = $3
		$3.inheritsSet = null
		$3.scope = application/xaml
		$0.XmlFormattingPolicy = $4
		$4.inheritsSet = null
		$4.scope = application/xaml
		$0.TextStylePolicy = $5
		$5.inheritsSet = null
		$5.scope = application/xml
		$0.XmlFormattingPolicy = $6
		$6.scope = application/xml
		$0.TextStylePolicy = $7
		$7.FileWidth = 80
		$7.TabsToSpaces = True
		$7.scope = text/plain
		$0.TextStylePolicy = $8
		$8.inheritsSet = null
		$8.scope = text/x-csharp
		$0.CSharpFormattingPolicy = $9
		$9.scope = text/x-csharp
		$0.TextStylePolicy = $10
		$10.inheritsSet = null
		$10.scope = application/vnd.apple-xcode-storyboard
		$0.XmlFormattingPolicy = $11
		$11.inheritsSet = null
		$11.scope = application/vnd.apple-xcode-storyboard
		$0.TextStylePolicy = $12
		$12.inheritsSet = null
		$12.scope = text/x-vs
		BaseDirectory = ScienceRecruiterApp
	EndGlobalSection
EndGlobal
